
Microsoft Visual Studio Solution File, Format Version 12.00
# Visual Studio Version 17
VisualStudioVersion = 17.9.34902.65
MinimumVisualStudioVersion = 10.0.40219.1
Project("{9A19103F-16F7-4668-BE54-9A1E7A4F7556}") = "InspectorUI", "InspectorUI\InspectorUI.csproj", "{6700E07F-D4F5-46A0-A453-AE212887ADA2}"
EndProject
Project("{9A19103F-16F7-4668-BE54-9A1E7A4F7556}") = "ClassLibrary.persistance", "ClassLibrary.persistance\ClassLibrary.persistance.csproj", "{276B0464-3C60-4EEC-B1DC-86E331240D1E}"
EndProject
Project("{9A19103F-16F7-4668-BE54-9A1E7A4F7556}") = "INSPECTOR.Domain", "INSPECTOR.Domain\INSPECTOR.Domain.csproj", "{D486DEBF-E266-4D5D-A85F-7A07A5C3A418}"
EndProject
Project("{9A19103F-16F7-4668-BE54-9A1E7A4F7556}") = "InspectorServicesInterfaces", "InspectorServicesInterfaces\InspectorServicesInterfaces.csproj", "{3C94142C-8DDA-44BF-A52F-02139D189DEF}"
EndProject
Project("{9A19103F-16F7-4668-BE54-9A1E7A4F7556}") = "InspectorServices", "InspectorServices\InspectorServices.csproj", "{378F3FC2-6651-48CD-AA36-637E53B115D0}"
EndProject
Global
	GlobalSection(SolutionConfigurationPlatforms) = preSolution
		Debug|Any CPU = Debug|Any CPU
		Release|Any CPU = Release|Any CPU
	EndGlobalSection
	GlobalSection(ProjectConfigurationPlatforms) = postSolution
		{6700E07F-D4F5-46A0-A453-AE212887ADA2}.Debug|Any CPU.ActiveCfg = Debug|Any CPU
		{6700E07F-D4F5-46A0-A453-AE212887ADA2}.Debug|Any CPU.Build.0 = Debug|Any CPU
		{6700E07F-D4F5-46A0-A453-AE212887ADA2}.Release|Any CPU.ActiveCfg = Release|Any CPU
		{6700E07F-D4F5-46A0-A453-AE212887ADA2}.Release|Any CPU.Build.0 = Release|Any CPU
		{276B0464-3C60-4EEC-B1DC-86E331240D1E}.Debug|Any CPU.ActiveCfg = Debug|Any CPU
		{276B0464-3C60-4EEC-B1DC-86E331240D1E}.Debug|Any CPU.Build.0 = Debug|Any CPU
		{276B0464-3C60-4EEC-B1DC-86E331240D1E}.Release|Any CPU.ActiveCfg = Release|Any CPU
		{276B0464-3C60-4EEC-B1DC-86E331240D1E}.Release|Any CPU.Build.0 = Release|Any CPU
		{D486DEBF-E266-4D5D-A85F-7A07A5C3A418}.Debug|Any CPU.ActiveCfg = Debug|Any CPU
		{D486DEBF-E266-4D5D-A85F-7A07A5C3A418}.Debug|Any CPU.Build.0 = Debug|Any CPU
		{D486DEBF-E266-4D5D-A85F-7A07A5C3A418}.Release|Any CPU.ActiveCfg = Release|Any CPU
		{D486DEBF-E266-4D5D-A85F-7A07A5C3A418}.Release|Any CPU.Build.0 = Release|Any CPU
		{3C94142C-8DDA-44BF-A52F-02139D189DEF}.Debug|Any CPU.ActiveCfg = Debug|Any CPU
		{3C94142C-8DDA-44BF-A52F-02139D189DEF}.Debug|Any CPU.Build.0 = Debug|Any CPU
		{3C94142C-8DDA-44BF-A52F-02139D189DEF}.Release|Any CPU.ActiveCfg = Release|Any CPU
		{3C94142C-8DDA-44BF-A52F-02139D189DEF}.Release|Any CPU.Build.0 = Release|Any CPU
		{378F3FC2-6651-48CD-AA36-637E53B115D0}.Debug|Any CPU.ActiveCfg = Debug|Any CPU
		{378F3FC2-6651-48CD-AA36-637E53B115D0}.Debug|Any CPU.Build.0 = Debug|Any CPU
		{378F3FC2-6651-48CD-AA36-637E53B115D0}.Release|Any CPU.ActiveCfg = Release|Any CPU
		{378F3FC2-6651-48CD-AA36-637E53B115D0}.Release|Any CPU.Build.0 = Release|Any CPU
	EndGlobalSection
	GlobalSection(SolutionProperties) = preSolution
		HideSolutionNode = FALSE
	EndGlobalSection
	GlobalSection(ExtensibilityGlobals) = postSolution
		SolutionGuid = {A67D7E60-BE45-4D95-BC42-B16475EEDF4C}
	EndGlobalSection
EndGlobal
